
Microsoft Visual Studio Solution File, Format Version 12.00
# Visual Studio 15
VisualStudioVersion = 15.0.28010.2036
MinimumVisualStudioVersion = 10.0.40219.1
Project("{2150E333-8FDC-42A3-9474-1A3956D46DE8}") = "Applications", "Applications", "{BACDC12A-78C4-46AC-A96D-C842B6C1C76C}"
EndProject
Project("{9A19103F-16F7-4668-BE54-9A1E7A4F7556}") = "NHT.ASM.Api", "NHT.ASM.Api\NHT.ASM.Api.csproj", "{DA43E9C1-CE2B-413D-A051-6CB9BB5EC5BC}"
EndProject
Project("{9A19103F-16F7-4668-BE54-9A1E7A4F7556}") = "NHT.ASM.Bll", "NHT.ASM.Bll\NHT.ASM.Bll.csproj", "{A63B9256-1F45-4784-986D-E7310289663F}"
EndProject
Project("{9A19103F-16F7-4668-BE54-9A1E7A4F7556}") = "NHT.ASM.Dal", "NHT.ASM.Dal\NHT.ASM.Dal.csproj", "{298FDD2C-3F6A-4A58-BBE9-528EF8540076}"
EndProject
Project("{9A19103F-16F7-4668-BE54-9A1E7A4F7556}") = "NHT.ASM.Data", "NHT.ASM.Data\NHT.ASM.Data.csproj", "{5D06FFE1-D5A3-4421-AA96-7D1010969050}"
EndProject
Project("{9A19103F-16F7-4668-BE54-9A1E7A4F7556}") = "NHT.ASM.Helpers", "NHT.ASM.Helpers\NHT.ASM.Helpers.csproj", "{FD691D8D-7B25-4E50-B4F2-DFF1158D1E5E}"
EndProject
Project("{9A19103F-16F7-4668-BE54-9A1E7A4F7556}") = "NHT.ASM.Infrastructure", "NHT.ASM.Infrastructure\NHT.ASM.Infrastructure.csproj", "{AA3F38EC-675E-4645-A9B3-209A9CAEF06C}"
EndProject
Project("{9A19103F-16F7-4668-BE54-9A1E7A4F7556}") = "NHT.ASM.Models", "NHT.ASM.Models\NHT.ASM.Models.csproj", "{0B217A78-9A1E-4477-8DDF-B921DE8561DE}"
EndProject
Project("{2150E333-8FDC-42A3-9474-1A3956D46DE8}") = "Solution Items", "Solution Items", "{C2165895-3C29-4D46-B911-9A688BBEECE8}"
	ProjectSection(SolutionItems) = preProject
		asm.databasestring.json = asm.databasestring.json
		clientsettings.json = clientsettings.json
		CodeCoverage.runsettings = CodeCoverage.runsettings
	EndProjectSection
EndProject
Project("{2150E333-8FDC-42A3-9474-1A3956D46DE8}") = "Tests", "Tests", "{E18A768A-202D-4523-8E3E-7F15A15D8D03}"
EndProject
Project("{9A19103F-16F7-4668-BE54-9A1E7A4F7556}") = "NHT.ASM.Tests.Database", "NHT.ASM.Tests.Database\NHT.ASM.Tests.Database.csproj", "{EA918210-7F98-45E2-A864-62B2CD5D3E7D}"
EndProject
Project("{9A19103F-16F7-4668-BE54-9A1E7A4F7556}") = "NHT.ASM.Tests.Unit", "NHT.ASM.Tests.Unit\NHT.ASM.Tests.Unit.csproj", "{31D8B098-7B6D-4DE9-8B00-BEE038BECC15}"
EndProject
Project("{9A19103F-16F7-4668-BE54-9A1E7A4F7556}") = "NHT.ASM.Common", "NHT.ASM.Common\NHT.ASM.Common.csproj", "{FEF64135-BD64-4ADB-AE99-9D2474DCDE86}"
EndProject
Project("{9A19103F-16F7-4668-BE54-9A1E7A4F7556}") = "NHT.ASM.Tests.Integration", "NHT.ASM.Tests.Integration\NHT.ASM.Tests.Integration.csproj", "{9AAC323C-F491-4926-82D2-44C50DEE4E8A}"
EndProject
Global
	GlobalSection(SolutionConfigurationPlatforms) = preSolution
		Debug|Any CPU = Debug|Any CPU
		Release|Any CPU = Release|Any CPU
	EndGlobalSection
	GlobalSection(ProjectConfigurationPlatforms) = postSolution
		{DA43E9C1-CE2B-413D-A051-6CB9BB5EC5BC}.Debug|Any CPU.ActiveCfg = Debug|Any CPU
		{DA43E9C1-CE2B-413D-A051-6CB9BB5EC5BC}.Debug|Any CPU.Build.0 = Debug|Any CPU
		{DA43E9C1-CE2B-413D-A051-6CB9BB5EC5BC}.Release|Any CPU.ActiveCfg = Release|Any CPU
		{DA43E9C1-CE2B-413D-A051-6CB9BB5EC5BC}.Release|Any CPU.Build.0 = Release|Any CPU
		{A63B9256-1F45-4784-986D-E7310289663F}.Debug|Any CPU.ActiveCfg = Debug|Any CPU
		{A63B9256-1F45-4784-986D-E7310289663F}.Debug|Any CPU.Build.0 = Debug|Any CPU
		{A63B9256-1F45-4784-986D-E7310289663F}.Release|Any CPU.ActiveCfg = Release|Any CPU
		{A63B9256-1F45-4784-986D-E7310289663F}.Release|Any CPU.Build.0 = Release|Any CPU
		{298FDD2C-3F6A-4A58-BBE9-528EF8540076}.Debug|Any CPU.ActiveCfg = Debug|Any CPU
		{298FDD2C-3F6A-4A58-BBE9-528EF8540076}.Debug|Any CPU.Build.0 = Debug|Any CPU
		{298FDD2C-3F6A-4A58-BBE9-528EF8540076}.Release|Any CPU.ActiveCfg = Release|Any CPU
		{298FDD2C-3F6A-4A58-BBE9-528EF8540076}.Release|Any CPU.Build.0 = Release|Any CPU
		{5D06FFE1-D5A3-4421-AA96-7D1010969050}.Debug|Any CPU.ActiveCfg = Debug|Any CPU
		{5D06FFE1-D5A3-4421-AA96-7D1010969050}.Debug|Any CPU.Build.0 = Debug|Any CPU
		{5D06FFE1-D5A3-4421-AA96-7D1010969050}.Release|Any CPU.ActiveCfg = Release|Any CPU
		{5D06FFE1-D5A3-4421-AA96-7D1010969050}.Release|Any CPU.Build.0 = Release|Any CPU
		{FD691D8D-7B25-4E50-B4F2-DFF1158D1E5E}.Debug|Any CPU.ActiveCfg = Debug|Any CPU
		{FD691D8D-7B25-4E50-B4F2-DFF1158D1E5E}.Debug|Any CPU.Build.0 = Debug|Any CPU
		{FD691D8D-7B25-4E50-B4F2-DFF1158D1E5E}.Release|Any CPU.ActiveCfg = Release|Any CPU
		{FD691D8D-7B25-4E50-B4F2-DFF1158D1E5E}.Release|Any CPU.Build.0 = Release|Any CPU
		{AA3F38EC-675E-4645-A9B3-209A9CAEF06C}.Debug|Any CPU.ActiveCfg = Debug|Any CPU
		{AA3F38EC-675E-4645-A9B3-209A9CAEF06C}.Debug|Any CPU.Build.0 = Debug|Any CPU
		{AA3F38EC-675E-4645-A9B3-209A9CAEF06C}.Release|Any CPU.ActiveCfg = Release|Any CPU
		{AA3F38EC-675E-4645-A9B3-209A9CAEF06C}.Release|Any CPU.Build.0 = Release|Any CPU
		{0B217A78-9A1E-4477-8DDF-B921DE8561DE}.Debug|Any CPU.ActiveCfg = Debug|Any CPU
		{0B217A78-9A1E-4477-8DDF-B921DE8561DE}.Debug|Any CPU.Build.0 = Debug|Any CPU
		{0B217A78-9A1E-4477-8DDF-B921DE8561DE}.Release|Any CPU.ActiveCfg = Release|Any CPU
		{0B217A78-9A1E-4477-8DDF-B921DE8561DE}.Release|Any CPU.Build.0 = Release|Any CPU
		{EA918210-7F98-45E2-A864-62B2CD5D3E7D}.Debug|Any CPU.ActiveCfg = Debug|Any CPU
		{EA918210-7F98-45E2-A864-62B2CD5D3E7D}.Debug|Any CPU.Build.0 = Debug|Any CPU
		{EA918210-7F98-45E2-A864-62B2CD5D3E7D}.Release|Any CPU.ActiveCfg = Release|Any CPU
		{EA918210-7F98-45E2-A864-62B2CD5D3E7D}.Release|Any CPU.Build.0 = Release|Any CPU
		{31D8B098-7B6D-4DE9-8B00-BEE038BECC15}.Debug|Any CPU.ActiveCfg = Debug|Any CPU
		{31D8B098-7B6D-4DE9-8B00-BEE038BECC15}.Debug|Any CPU.Build.0 = Debug|Any CPU
		{31D8B098-7B6D-4DE9-8B00-BEE038BECC15}.Release|Any CPU.ActiveCfg = Release|Any CPU
		{31D8B098-7B6D-4DE9-8B00-BEE038BECC15}.Release|Any CPU.Build.0 = Release|Any CPU
		{FEF64135-BD64-4ADB-AE99-9D2474DCDE86}.Debug|Any CPU.ActiveCfg = Debug|Any CPU
		{FEF64135-BD64-4ADB-AE99-9D2474DCDE86}.Debug|Any CPU.Build.0 = Debug|Any CPU
		{FEF64135-BD64-4ADB-AE99-9D2474DCDE86}.Release|Any CPU.ActiveCfg = Release|Any CPU
		{FEF64135-BD64-4ADB-AE99-9D2474DCDE86}.Release|Any CPU.Build.0 = Release|Any CPU
		{9AAC323C-F491-4926-82D2-44C50DEE4E8A}.Debug|Any CPU.ActiveCfg = Debug|Any CPU
		{9AAC323C-F491-4926-82D2-44C50DEE4E8A}.Debug|Any CPU.Build.0 = Debug|Any CPU
		{9AAC323C-F491-4926-82D2-44C50DEE4E8A}.Release|Any CPU.ActiveCfg = Release|Any CPU
		{9AAC323C-F491-4926-82D2-44C50DEE4E8A}.Release|Any CPU.Build.0 = Release|Any CPU
	EndGlobalSection
	GlobalSection(SolutionProperties) = preSolution
		HideSolutionNode = FALSE
	EndGlobalSection
	GlobalSection(NestedProjects) = preSolution
		{DA43E9C1-CE2B-413D-A051-6CB9BB5EC5BC} = {BACDC12A-78C4-46AC-A96D-C842B6C1C76C}
		{A63B9256-1F45-4784-986D-E7310289663F} = {BACDC12A-78C4-46AC-A96D-C842B6C1C76C}
		{298FDD2C-3F6A-4A58-BBE9-528EF8540076} = {BACDC12A-78C4-46AC-A96D-C842B6C1C76C}
		{5D06FFE1-D5A3-4421-AA96-7D1010969050} = {BACDC12A-78C4-46AC-A96D-C842B6C1C76C}
		{FD691D8D-7B25-4E50-B4F2-DFF1158D1E5E} = {BACDC12A-78C4-46AC-A96D-C842B6C1C76C}
		{AA3F38EC-675E-4645-A9B3-209A9CAEF06C} = {BACDC12A-78C4-46AC-A96D-C842B6C1C76C}
		{0B217A78-9A1E-4477-8DDF-B921DE8561DE} = {BACDC12A-78C4-46AC-A96D-C842B6C1C76C}
		{EA918210-7F98-45E2-A864-62B2CD5D3E7D} = {E18A768A-202D-4523-8E3E-7F15A15D8D03}
		{31D8B098-7B6D-4DE9-8B00-BEE038BECC15} = {E18A768A-202D-4523-8E3E-7F15A15D8D03}
		{FEF64135-BD64-4ADB-AE99-9D2474DCDE86} = {BACDC12A-78C4-46AC-A96D-C842B6C1C76C}
		{9AAC323C-F491-4926-82D2-44C50DEE4E8A} = {E18A768A-202D-4523-8E3E-7F15A15D8D03}
	EndGlobalSection
	GlobalSection(ExtensibilityGlobals) = postSolution
		SolutionGuid = {793DBA46-6E8E-4E59-BBE3-A77E0154F06E}
	EndGlobalSection
EndGlobal
